
Microsoft Visual Studio Solution File, Format Version 12.00
# Visual Studio Version 17
VisualStudioVersion = 17.8.34309.116
MinimumVisualStudioVersion = 10.0.40219.1
Project("{888888A0-9F3D-457C-B088-3A5042F75D52}") = "23.11.23 ülesanne", "23.11.23 ülesanne.pyproj", "{D479A5F4-7FAB-4B2F-9AF7-24AD81135668}"
EndProject
Global
	GlobalSection(SolutionConfigurationPlatforms) = preSolution
		Debug|Any CPU = Debug|Any CPU
		Release|Any CPU = Release|Any CPU
	EndGlobalSection
	GlobalSection(ProjectConfigurationPlatforms) = postSolution
		{D479A5F4-7FAB-4B2F-9AF7-24AD81135668}.Debug|Any CPU.ActiveCfg = Debug|Any CPU
		{D479A5F4-7FAB-4B2F-9AF7-24AD81135668}.Release|Any CPU.ActiveCfg = Release|Any CPU
	EndGlobalSection
	GlobalSection(SolutionProperties) = preSolution
		HideSolutionNode = FALSE
	EndGlobalSection
	GlobalSection(ExtensibilityGlobals) = postSolution
		SolutionGuid = {C19ACE77-2F7C-4E88-A943-E09BD8C6DC99}
	EndGlobalSection
EndGlobal
