
Microsoft Visual Studio Solution File, Format Version 12.00
# Visual Studio Version 17
VisualStudioVersion = 17.8.34309.116
MinimumVisualStudioVersion = 10.0.40219.1
Project("{888888A0-9F3D-457C-B088-3A5042F75D52}") = "Kodu töö", "Kodu töö.pyproj", "{3F46D900-9CA0-4F0F-96F0-03C4EFA51BCC}"
EndProject
Global
	GlobalSection(SolutionConfigurationPlatforms) = preSolution
		Debug|Any CPU = Debug|Any CPU
		Release|Any CPU = Release|Any CPU
	EndGlobalSection
	GlobalSection(ProjectConfigurationPlatforms) = postSolution
		{3F46D900-9CA0-4F0F-96F0-03C4EFA51BCC}.Debug|Any CPU.ActiveCfg = Debug|Any CPU
		{3F46D900-9CA0-4F0F-96F0-03C4EFA51BCC}.Release|Any CPU.ActiveCfg = Release|Any CPU
	EndGlobalSection
	GlobalSection(SolutionProperties) = preSolution
		HideSolutionNode = FALSE
	EndGlobalSection
	GlobalSection(ExtensibilityGlobals) = postSolution
		SolutionGuid = {330E6EB3-C571-4D3B-88B4-48D8A1122038}
	EndGlobalSection
EndGlobal
